
Microsoft Visual Studio Solution File, Format Version 12.00
# Visual Studio 15
VisualStudioVersion = 15.0.27004.2002
MinimumVisualStudioVersion = 10.0.40219.1
Project("{FAE04EC0-301F-11D3-BF4B-00C04F79EFBC}") = "NewRatkin", "NewRatkin.csproj", "{0B01D357-6CFE-43F4-B378-FC19134D4C76}"
EndProject
Global
	GlobalSection(SolutionConfigurationPlatforms) = preSolution
		Debug|Any CPU = Debug|Any CPU
		Release|Any CPU = Release|Any CPU
	EndGlobalSection
	GlobalSection(ProjectConfigurationPlatforms) = postSolution
		{0B01D357-6CFE-43F4-B378-FC19134D4C76}.Debug|Any CPU.ActiveCfg = Debug|Any CPU
		{0B01D357-6CFE-43F4-B378-FC19134D4C76}.Debug|Any CPU.Build.0 = Debug|Any CPU
		{0B01D357-6CFE-43F4-B378-FC19134D4C76}.Release|Any CPU.ActiveCfg = Release|Any CPU
		{0B01D357-6CFE-43F4-B378-FC19134D4C76}.Release|Any CPU.Build.0 = Release|Any CPU
	EndGlobalSection
	GlobalSection(SolutionProperties) = preSolution
		HideSolutionNode = FALSE
	EndGlobalSection
	GlobalSection(ExtensibilityGlobals) = postSolution
		SolutionGuid = {9DECC98B-EA2F-4D9B-8DBD-66ED67DB3138}
	EndGlobalSection
EndGlobal
